{
    "_readme": [
        "This file locks the dependencies of your project to a known state",
        "Read more about it at http://getcomposer.org/doc/01-basic-usage.md#composer-lock-the-lock-file",
        "This file is @generated automatically"
    ],
    "hash": "b077d78131b196e8ae34c48113836350",
    "packages": [
        {
            "name": "divido/divido-php",
            "version": "v1.1.1-stable",
            "source": {
                "type": "git",
                "url": "https://github.com/DividoFinancialServices/divido-api-php.git",
                "reference": "af6553588faeaa8c9d616b03fef3425bb8fd3971"
            },
            "dist": {
                "type": "zip",
                "url": "https://api.github.com/repos/DividoFinancialServices/divido-api-php/zipball/af6553588faeaa8c9d616b03fef3425bb8fd3971",
                "reference": "af6553588faeaa8c9d616b03fef3425bb8fd3971",
                "shasum": ""
            },
            "require": {
                "ext-curl": "*",
                "php": ">=5.2.0"
            },
            "type": "library",
            "extra": {
                "branch-alias": {
                    "master": "1.1.1-dev"
                }
            },
            "autoload": {
                "psr-0": {
                    "Divido": "lib"
                }
            },
            "notification-url": "https://packagist.org/downloads/",
            "license": [
                "MIT"
            ],
            "description": "Divido PHP library",
            "homepage": "https://divido.com/",
            "keywords": [
                "api",
                "divido",
                "finance",
                "instalments",
                "payment processing"
            ],
            "time": "2016-02-15 13:47:58"
        }
    ],
    "packages-dev": [],
    "aliases": [],
    "minimum-stability": "stable",
    "stability-flags": [],
    "prefer-stable": false,
    "prefer-lowest": false,
    "platform": {
        "php": "~5.5.0|~5.6.0|~7.0.0"
    },
    "platform-dev": []
}
